#MicroXplorer Configuration settings - do not modify
CAD.formats=
CAD.pinconfig=
CAD.provider=
File.Version=6
GPIO.groupedBy=Group By Peripherals
KeepUserPlacement=false
Mcu.CPN=STM32H7B0VBT6
Mcu.Family=STM32H7
Mcu.IP0=CORTEX_M7
Mcu.IP1=DEBUG
Mcu.IP2=NVIC
Mcu.IP3=OCTOSPI1
Mcu.IP4=RCC
Mcu.IP5=SPI4
Mcu.IP6=SYS
Mcu.IP7=TIM17
Mcu.IP8=USB_OTG_HS
Mcu.IPNb=9
Mcu.Name=STM32H7B0VBTx
Mcu.Package=LQFP100
Mcu.Pin0=PE2
Mcu.Pin1=PE3
Mcu.Pin10=PE12
Mcu.Pin11=PE13
Mcu.Pin12=PE14
Mcu.Pin13=PE15
Mcu.Pin14=PD11
Mcu.Pin15=PD12
Mcu.Pin16=PD13
Mcu.Pin17=PA11
Mcu.Pin18=PA12
Mcu.Pin19=PA13
Mcu.Pin2=PC13
Mcu.Pin20=PA14
Mcu.Pin21=PB6
Mcu.Pin22=VP_OCTOSPI1_VS_quad
Mcu.Pin23=VP_SYS_VS_Systick
Mcu.Pin24=VP_TIM17_VS_ClockSourceINT
Mcu.Pin3=PC14-OSC32_IN
Mcu.Pin4=PC15-OSC32_OUT
Mcu.Pin5=PH0-OSC_IN
Mcu.Pin6=PH1-OSC_OUT
Mcu.Pin7=PB2
Mcu.Pin8=PE10
Mcu.Pin9=PE11
Mcu.PinsNb=25
Mcu.ThirdPartyNb=0
Mcu.UserConstants=
Mcu.UserName=STM32H7B0VBTx
MxCube.Version=6.8.0
MxDb.Version=DB.6.0.80
NVIC.BusFault_IRQn=true\:0\:0\:false\:false\:true\:false\:false\:false
NVIC.DebugMonitor_IRQn=true\:0\:0\:false\:false\:true\:false\:false\:false
NVIC.ForceEnableDMAVector=true
NVIC.HardFault_IRQn=true\:0\:0\:false\:false\:true\:false\:false\:false
NVIC.MemoryManagement_IRQn=true\:0\:0\:false\:false\:true\:false\:false\:false
NVIC.NonMaskableInt_IRQn=true\:0\:0\:false\:false\:true\:false\:false\:false
NVIC.PendSV_IRQn=true\:0\:0\:false\:false\:true\:false\:false\:false
NVIC.PriorityGroup=NVIC_PRIORITYGROUP_4
NVIC.SVCall_IRQn=true\:0\:0\:false\:false\:true\:false\:false\:false
NVIC.SysTick_IRQn=true\:15\:0\:false\:false\:true\:false\:true\:false
NVIC.UsageFault_IRQn=true\:0\:0\:false\:false\:true\:false\:false\:false
OCTOSPI1.ChipSelectHighTime=1
OCTOSPI1.ClockPrescaler=2
OCTOSPI1.DeviceSize=23
OCTOSPI1.FifoThreshold=8
OCTOSPI1.IPParameters=ChipSelectHighTime,ClockPrescaler,SampleShifting,FifoThreshold,DeviceSize,MemoryType
OCTOSPI1.MemoryType=HAL_OSPI_MEMTYPE_MACRONIX
OCTOSPI1.SampleShifting=HAL_OSPI_SAMPLE_SHIFTING_HALFCYCLE
PA11.Mode=Device_Only_FS
PA11.Signal=USB_OTG_HS_DM
PA12.Mode=Device_Only_FS
PA12.Signal=USB_OTG_HS_DP
PA13.Mode=Serial_Wire
PA13.Signal=DEBUG_JTMS-SWDIO
PA14.Mode=Serial_Wire
PA14.Signal=DEBUG_JTCK-SWCLK
PB2.Locked=true
PB2.Mode=O1_P1_CLK
PB2.Signal=OCTOSPIM_P1_CLK
PB6.Locked=true
PB6.Mode=OCTOSPI1_Port1_NCS
PB6.Signal=OCTOSPIM_P1_NCS
PC13.GPIOParameters=GPIO_Label
PC13.GPIO_Label=K1
PC13.Locked=true
PC13.Signal=GPIO_Output
PC14-OSC32_IN.Mode=LSE-External-Oscillator
PC14-OSC32_IN.Signal=RCC_OSC32_IN
PC15-OSC32_OUT.Mode=LSE-External-Oscillator
PC15-OSC32_OUT.Signal=RCC_OSC32_OUT
PD11.Locked=true
PD11.Mode=OCTOSPI1_IOL_Port1L
PD11.Signal=OCTOSPIM_P1_IO0
PD12.Locked=true
PD12.Mode=OCTOSPI1_IOL_Port1L
PD12.Signal=OCTOSPIM_P1_IO1
PD13.Locked=true
PD13.Mode=OCTOSPI1_IOL_Port1L
PD13.Signal=OCTOSPIM_P1_IO3
PE10.GPIOParameters=GPIO_Speed,PinState,GPIO_Label
PE10.GPIO_Label=LCD_LED
PE10.GPIO_Speed=GPIO_SPEED_FREQ_LOW
PE10.Locked=true
PE10.PinState=GPIO_PIN_RESET
PE10.Signal=GPIO_Output
PE11.GPIOParameters=GPIO_Speed,PinState,GPIO_Label
PE11.GPIO_Label=CS1
PE11.GPIO_Speed=GPIO_SPEED_FREQ_LOW
PE11.Locked=true
PE11.PinState=GPIO_PIN_RESET
PE11.Signal=GPIO_Output
PE12.GPIOParameters=GPIO_Label
PE12.GPIO_Label=SCK1
PE12.Locked=true
PE12.Mode=TX_Only_Simplex_Unidirect_Master
PE12.Signal=SPI4_SCK
PE13.GPIOParameters=GPIO_Speed,PinState,GPIO_Label
PE13.GPIO_Label=DC1
PE13.GPIO_Speed=GPIO_SPEED_FREQ_LOW
PE13.Locked=true
PE13.PinState=GPIO_PIN_RESET
PE13.Signal=GPIO_Output
PE14.GPIOParameters=GPIO_Label
PE14.GPIO_Label=SDA1
PE14.Locked=true
PE14.Mode=TX_Only_Simplex_Unidirect_Master
PE14.Signal=SPI4_MOSI
PE15.GPIOParameters=GPIO_Speed,PinState,GPIO_Label
PE15.GPIO_Label=RST1
PE15.GPIO_Speed=GPIO_SPEED_FREQ_LOW
PE15.Locked=true
PE15.PinState=GPIO_PIN_RESET
PE15.Signal=GPIO_Output
PE2.Locked=true
PE2.Mode=OCTOSPI1_IOL_Port1L
PE2.Signal=OCTOSPIM_P1_IO2
PE3.GPIOParameters=GPIO_Speed,PinState,GPIO_Label
PE3.GPIO_Label=LED
PE3.GPIO_Speed=GPIO_SPEED_FREQ_LOW
PE3.Locked=true
PE3.PinState=GPIO_PIN_RESET
PE3.Signal=GPIO_Output
PH0-OSC_IN.Mode=HSE-External-Oscillator
PH0-OSC_IN.Signal=RCC_OSC_IN
PH1-OSC_OUT.Mode=HSE-External-Oscillator
PH1-OSC_OUT.Signal=RCC_OSC_OUT
PinOutPanel.RotationAngle=0
ProjectManager.AskForMigrate=true
ProjectManager.BackupPrevious=false
ProjectManager.CompilerOptimize=6
ProjectManager.ComputerToolchain=false
ProjectManager.CoupleFile=false
ProjectManager.CustomerFirmwarePackage=
ProjectManager.DefaultFWLocation=true
ProjectManager.DeletePrevious=true
ProjectManager.DeviceId=STM32H7B0VBTx
ProjectManager.FirmwarePackage=STM32Cube FW_H7 V1.11.1
ProjectManager.FreePins=false
ProjectManager.HalAssertFull=false
ProjectManager.HeapSize=0x200
ProjectManager.KeepUserCode=true
ProjectManager.LastFirmware=true
ProjectManager.LibraryCopy=1
ProjectManager.MainLocation=Core/Src
ProjectManager.NoMain=false
ProjectManager.PreviousToolchain=
ProjectManager.ProjectBuild=false
ProjectManager.ProjectFileName=stm32h7b0_weact.ioc
ProjectManager.ProjectName=stm32h7b0_weact
ProjectManager.ProjectStructure=
ProjectManager.RegisterCallBack=
ProjectManager.StackSize=0x400
ProjectManager.TargetToolchain=Makefile
ProjectManager.ToolChainLocation=
ProjectManager.UnderRoot=false
ProjectManager.functionlistsort=1-SystemClock_Config-RCC-false-HAL-false,2-MX_GPIO_Init-GPIO-false-HAL-true,3-MX_SPI4_Init-SPI4-false-HAL-true,4-MX_USB_OTG_HS_PCD_Init-USB_OTG_HS-false-HAL-true,5-MX_OCTOSPI1_Init-OCTOSPI1-false-HAL-true,6-MX_TIM17_Init-TIM17-false-HAL-true,0-MX_CORTEX_M7_Init-CORTEX_M7-false-HAL-true
RCC.ADCCLockSelection=RCC_ADCCLKSOURCE_PLL3
RCC.ADCFreq_Value=86000000
RCC.AHB12Freq_Value=64000000
RCC.AHB4Freq_Value=64000000
RCC.APB1Freq_Value=32000000
RCC.APB2Freq_Value=32000000
RCC.APB3Freq_Value=32000000
RCC.APB4Freq_Value=32000000
RCC.AXIClockFreq_Value=64000000
RCC.CDCPREFreq_Value=64000000
RCC.CDPPRE=RCC_APB3_DIV2
RCC.CDPPRE1=RCC_APB1_DIV2
RCC.CDPPRE2=RCC_APB2_DIV2
RCC.CECFreq_Value=32000
RCC.CKPERFreq_Value=64000000
RCC.CortexFreq_Value=64000000
RCC.CpuClockFreq_Value=64000000
RCC.DAC1Freq_Value=32000
RCC.DAC2Freq_Value=32000
RCC.DFSDM2ACLkFreq_Value=86000000
RCC.DFSDM2Freq_Value=32000000
RCC.DFSDMACLkFreq_Value=86000000
RCC.DFSDMFreq_Value=32000000
RCC.DIVP1Freq_Value=129000000
RCC.DIVP2Freq_Value=129000000
RCC.DIVP3Freq_Value=129000000
RCC.DIVQ1=3
RCC.DIVQ1Freq_Value=86000000
RCC.DIVQ2=3
RCC.DIVQ2Freq_Value=86000000
RCC.DIVQ3=3
RCC.DIVQ3Freq_Value=86000000
RCC.DIVR1=3
RCC.DIVR1Freq_Value=86000000
RCC.DIVR2=3
RCC.DIVR2Freq_Value=86000000
RCC.DIVR3=3
RCC.DIVR3Freq_Value=86000000
RCC.FDCANFreq_Value=86000000
RCC.FMCFreq_Value=64000000
RCC.FamilyName=M
RCC.HCLK3ClockFreq_Value=64000000
RCC.HCLKFreq_Value=64000000
RCC.HSE_VALUE=25000000
RCC.I2C123Freq_Value=32000000
RCC.I2C4Freq_Value=32000000
RCC.IPParameters=ADCCLockSelection,ADCFreq_Value,AHB12Freq_Value,AHB4Freq_Value,APB1Freq_Value,APB2Freq_Value,APB3Freq_Value,APB4Freq_Value,AXIClockFreq_Value,CDCPREFreq_Value,CDPPRE,CDPPRE1,CDPPRE2,CECFreq_Value,CKPERFreq_Value,CortexFreq_Value,CpuClockFreq_Value,DAC1Freq_Value,DAC2Freq_Value,DFSDM2ACLkFreq_Value,DFSDM2Freq_Value,DFSDMACLkFreq_Value,DFSDMFreq_Value,DIVP1Freq_Value,DIVP2Freq_Value,DIVP3Freq_Value,DIVQ1,DIVQ1Freq_Value,DIVQ2,DIVQ2Freq_Value,DIVQ3,DIVQ3Freq_Value,DIVR1,DIVR1Freq_Value,DIVR2,DIVR2Freq_Value,DIVR3,DIVR3Freq_Value,FDCANFreq_Value,FMCFreq_Value,FamilyName,HCLK3ClockFreq_Value,HCLKFreq_Value,HSE_VALUE,I2C123Freq_Value,I2C4Freq_Value,LPTIM1Freq_Value,LPTIM2Freq_Value,LPTIM345Freq_Value,LPUART1Freq_Value,LTDCFreq_Value,MCO1PinFreq_Value,MCO2PinFreq_Value,QSPIFreq_Value,RNGFreq_Value,RTCFreq_Value,SAI1Freq_Value,SAI2AFreq_Value,SAI2BFreq_Value,SDMMCFreq_Value,SPDIFRXFreq_Value,SPI123Freq_Value,SPI45Freq_Value,SPI6CLockSelection,SPI6Freq_Value,SRDPPRE,SWPMI1Freq_Value,SYSCLKFreq_VALUE,Spi45ClockSelection,Tim1OutputFreq_Value,Tim2OutputFreq_Value,TraceFreq_Value,USART16CLockSelection,USART16Freq_Value,USART234578Freq_Value,USBCLockSelection,USBFreq_Value,VCO1OutputFreq_Value,VCO2OutputFreq_Value,VCO3OutputFreq_Value,VCOInput1Freq_Value,VCOInput2Freq_Value,VCOInput3Freq_Value
RCC.LPTIM1Freq_Value=32000000
RCC.LPTIM2Freq_Value=32000000
RCC.LPTIM345Freq_Value=32000000
RCC.LPUART1Freq_Value=32000000
RCC.LTDCFreq_Value=86000000
RCC.MCO1PinFreq_Value=64000000
RCC.MCO2PinFreq_Value=64000000
RCC.QSPIFreq_Value=64000000
RCC.RNGFreq_Value=48000000
RCC.RTCFreq_Value=32000
RCC.SAI1Freq_Value=86000000
RCC.SAI2AFreq_Value=86000000
RCC.SAI2BFreq_Value=86000000
RCC.SDMMCFreq_Value=86000000
RCC.SPDIFRXFreq_Value=86000000
RCC.SPI123Freq_Value=86000000
RCC.SPI45Freq_Value=86000000
RCC.SPI6CLockSelection=RCC_SPI6CLKSOURCE_PLL2
RCC.SPI6Freq_Value=86000000
RCC.SRDPPRE=RCC_APB4_DIV2
RCC.SWPMI1Freq_Value=32000000
RCC.SYSCLKFreq_VALUE=64000000
RCC.Spi45ClockSelection=RCC_SPI45CLKSOURCE_PLL3
RCC.Tim1OutputFreq_Value=64000000
RCC.Tim2OutputFreq_Value=64000000
RCC.TraceFreq_Value=64000000
RCC.USART16CLockSelection=RCC_USART16910CLKSOURCE_PLL2
RCC.USART16Freq_Value=86000000
RCC.USART234578Freq_Value=32000000
RCC.USBCLockSelection=RCC_USBCLKSOURCE_HSI48
RCC.USBFreq_Value=48000000
RCC.VCO1OutputFreq_Value=258000000
RCC.VCO2OutputFreq_Value=258000000
RCC.VCO3OutputFreq_Value=258000000
RCC.VCOInput1Freq_Value=2000000
RCC.VCOInput2Freq_Value=2000000
RCC.VCOInput3Freq_Value=2000000
SPI4.BaudRatePrescaler=SPI_BAUDRATEPRESCALER_4
SPI4.CalculateBaudRate=21.5 MBits/s
SPI4.DataSize=SPI_DATASIZE_8BIT
SPI4.Direction=SPI_DIRECTION_2LINES_TXONLY
SPI4.IPParameters=VirtualType,Mode,Direction,CalculateBaudRate,BaudRatePrescaler,DataSize
SPI4.Mode=SPI_MODE_MASTER
SPI4.VirtualType=VM_MASTER
TIM17.IPParameters=Prescaler
TIM17.Prescaler=279
USB_OTG_HS.IPParameters=VirtualMode-Device_Only_FS
USB_OTG_HS.VirtualMode-Device_Only_FS=Device_Only_FS
VP_OCTOSPI1_VS_quad.Mode=quad_mode
VP_OCTOSPI1_VS_quad.Signal=OCTOSPI1_VS_quad
VP_SYS_VS_Systick.Mode=SysTick
VP_SYS_VS_Systick.Signal=SYS_VS_Systick
VP_TIM17_VS_ClockSourceINT.Mode=Enable_Timer
VP_TIM17_VS_ClockSourceINT.Signal=TIM17_VS_ClockSourceINT
board=custom
